
Microsoft Visual Studio Solution File, Format Version 12.00
# Visual Studio Version 16
VisualStudioVersion = 16.0.31613.86
MinimumVisualStudioVersion = 10.0.40219.1
Project("{FAE04EC0-301F-11D3-BF4B-00C04F79EFBC}") = "AppComeek", "AppComeek.csproj", "{5A585853-11D7-4753-A70E-60F964BA2923}"
EndProject
Global
	GlobalSection(SolutionConfigurationPlatforms) = preSolution
		Debug|Any CPU = Debug|Any CPU
		Release|Any CPU = Release|Any CPU
	EndGlobalSection
	GlobalSection(ProjectConfigurationPlatforms) = postSolution
		{5A585853-11D7-4753-A70E-60F964BA2923}.Debug|Any CPU.ActiveCfg = Debug|Any CPU
		{5A585853-11D7-4753-A70E-60F964BA2923}.Debug|Any CPU.Build.0 = Debug|Any CPU
		{5A585853-11D7-4753-A70E-60F964BA2923}.Release|Any CPU.ActiveCfg = Release|Any CPU
		{5A585853-11D7-4753-A70E-60F964BA2923}.Release|Any CPU.Build.0 = Release|Any CPU
	EndGlobalSection
	GlobalSection(SolutionProperties) = preSolution
		HideSolutionNode = FALSE
	EndGlobalSection
	GlobalSection(ExtensibilityGlobals) = postSolution
		SolutionGuid = {FD4DAD58-333F-4E6E-9040-3254556BA454}
	EndGlobalSection
EndGlobal
